{
  "originHash" : "128902cc812fabac7342aa484dbf0262c407d205fcceab8f96698bb49c618ff7",
  "pins" : [
    {
      "identity" : "audiokit",
      "kind" : "remoteSourceControl",
      "location" : "https://github.com/AudioKit/AudioKit",
      "state" : {
        "revision" : "97a35fe04cd8e3d13b8744e1216b8673f825bef6",
        "version" : "5.7.2"
      }
    },
    {
      "identity" : "audiokitex",
      "kind" : "remoteSourceControl",
      "location" : "https://github.com/AudioKit/AudioKitEX",
      "state" : {
        "revision" : "c33dac0f581e4ef5bf179e550394f3152aafabfd",
        "version" : "5.7.0"
      }
    },
    {
      "identity" : "dunneaudiokit",
      "kind" : "remoteSourceControl",
      "location" : "https://github.com/AudioKit/DunneAudioKit",
      "state" : {
        "revision" : "f6cee064ab82b95b36d8b9242a11bd06cb390256",
        "version" : "5.6.2"
      }
    },
    {
      "identity" : "kissfft",
      "kind" : "remoteSourceControl",
      "location" : "https://github.com/AudioKit/KissFFT",
      "state" : {
        "revision" : "dd0636e151724b8ba2e0908eba4d99a6ff24d00c",
        "version" : "1.0.0"
      }
    }
  ],
  "version" : 3
}
