// !$*UTF8*$!
{
	archiveVersion = 1;
	classes = {
	};
	objectVersion = 56;
	objects = {

/* Begin PBXBuildFile section */
		A1000000000000000000000A /* GoPianoApp.swift in Sources */ = {isa = PBXBuildFile; fileRef = A10000000000000000000001 /* GoPianoApp.swift */; };
		A1000000000000000000000B /* ContentView.swift in Sources */ = {isa = PBXBuildFile; fileRef = A10000000000000000000002 /* ContentView.swift */; };
		A1000000000000000000000C /* KeyboardView.swift in Sources */ = {isa = PBXBuildFile; fileRef = A10000000000000000000003 /* KeyboardView.swift */; };
		A1000000000000000000000D /* PianoLayout.swift in Sources */ = {isa = PBXBuildFile; fileRef = A10000000000000000000004 /* PianoLayout.swift */; };
		A1000000000000000000000E /* TouchTracker.swift in Sources */ = {isa = PBXBuildFile; fileRef = A10000000000000000000005 /* TouchTracker.swift */; };
		A1000000000000000000000F /* Conductor.swift in Sources */ = {isa = PBXBuildFile; fileRef = A10000000000000000000006 /* Conductor.swift */; };
		A10000000000000000000010 /* SampleMap.swift in Sources */ = {isa = PBXBuildFile; fileRef = A10000000000000000000007 /* SampleMap.swift */; };
		A10000000000000000000011 /* RecordingStore.swift in Sources */ = {isa = PBXBuildFile; fileRef = A10000000000000000000008 /* RecordingStore.swift */; };
		A10000000000000000000012 /* RecordingsView.swift in Sources */ = {isa = PBXBuildFile; fileRef = A10000000000000000000009 /* RecordingsView.swift */; };
		A10000000000000000000015 /* Assets.xcassets in Resources */ = {isa = PBXBuildFile; fileRef = A10000000000000000000013 /* Assets.xcassets */; };
		A10000000000000000000016 /* Samples in Resources */ = {isa = PBXBuildFile; fileRef = A10000000000000000000014 /* Samples */; };
		A1000000000000000000002B /* AudioKit in Frameworks */ = {isa = PBXBuildFile; productRef = A10000000000000000000029 /* AudioKit */; };
		A1000000000000000000002C /* DunneAudioKit in Frameworks */ = {isa = PBXBuildFile; productRef = A1000000000000000000002A /* DunneAudioKit */; };
/* End PBXBuildFile section */

/* Begin PBXFileReference section */
		A10000000000000000000019 /* GoPiano.app */ = {isa = PBXFileReference; explicitFileType = wrapper.application; includeInIndex = 0; path = GoPiano.app; sourceTree = BUILT_PRODUCTS_DIR; };
		A10000000000000000000001 /* GoPianoApp.swift */ = {isa = PBXFileReference; lastKnownFileType = sourcecode.swift; path = GoPianoApp.swift; sourceTree = "<group>"; };
		A10000000000000000000002 /* ContentView.swift */ = {isa = PBXFileReference; lastKnownFileType = sourcecode.swift; path = ContentView.swift; sourceTree = "<group>"; };
		A10000000000000000000003 /* KeyboardView.swift */ = {isa = PBXFileReference; lastKnownFileType = sourcecode.swift; path = KeyboardView.swift; sourceTree = "<group>"; };
		A10000000000000000000004 /* PianoLayout.swift */ = {isa = PBXFileReference; lastKnownFileType = sourcecode.swift; path = PianoLayout.swift; sourceTree = "<group>"; };
		A10000000000000000000005 /* TouchTracker.swift */ = {isa = PBXFileReference; lastKnownFileType = sourcecode.swift; path = TouchTracker.swift; sourceTree = "<group>"; };
		A10000000000000000000006 /* Conductor.swift */ = {isa = PBXFileReference; lastKnownFileType = sourcecode.swift; path = Conductor.swift; sourceTree = "<group>"; };
		A10000000000000000000007 /* SampleMap.swift */ = {isa = PBXFileReference; lastKnownFileType = sourcecode.swift; path = SampleMap.swift; sourceTree = "<group>"; };
		A10000000000000000000008 /* RecordingStore.swift */ = {isa = PBXFileReference; lastKnownFileType = sourcecode.swift; path = RecordingStore.swift; sourceTree = "<group>"; };
		A10000000000000000000009 /* RecordingsView.swift */ = {isa = PBXFileReference; lastKnownFileType = sourcecode.swift; path = RecordingsView.swift; sourceTree = "<group>"; };
		A10000000000000000000013 /* Assets.xcassets */ = {isa = PBXFileReference; lastKnownFileType = folder.assetcatalog; path = Assets.xcassets; sourceTree = "<group>"; };
		A10000000000000000000014 /* Samples */ = {isa = PBXFileReference; lastKnownFileType = folder; path = Samples; sourceTree = "<group>"; };
/* End PBXFileReference section */

/* Begin PBXFrameworksBuildPhase section */
		A10000000000000000000020 /* Frameworks */ = {
			isa = PBXFrameworksBuildPhase;
			buildActionMask = 2147483647;
			files = (
				A1000000000000000000002B /* AudioKit in Frameworks */,
				A1000000000000000000002C /* DunneAudioKit in Frameworks */,
			);
			runOnlyForDeploymentPostprocessing = 0;
		};
/* End PBXFrameworksBuildPhase section */

/* Begin PBXGroup section */
		A1000000000000000000001A = {
			isa = PBXGroup;
			children = (
				A1000000000000000000001B /* GoPiano */,
				A1000000000000000000001D /* Frameworks */,
				A1000000000000000000001C /* Products */,
			);
			sourceTree = "<group>";
		};
		A1000000000000000000001B /* GoPiano */ = {
			isa = PBXGroup;
			children = (
				A10000000000000000000001 /* GoPianoApp.swift */,
				A10000000000000000000002 /* ContentView.swift */,
				A10000000000000000000003 /* KeyboardView.swift */,
				A10000000000000000000004 /* PianoLayout.swift */,
				A10000000000000000000005 /* TouchTracker.swift */,
				A10000000000000000000006 /* Conductor.swift */,
				A10000000000000000000007 /* SampleMap.swift */,
				A10000000000000000000008 /* RecordingStore.swift */,
				A10000000000000000000009 /* RecordingsView.swift */,
				A10000000000000000000013 /* Assets.xcassets */,
				A10000000000000000000014 /* Samples */,
			);
			path = GoPiano;
			sourceTree = "<group>";
		};
		A1000000000000000000001C /* Products */ = {
			isa = PBXGroup;
			children = (
				A10000000000000000000019 /* GoPiano.app */,
			);
			name = Products;
			sourceTree = "<group>";
		};
		A1000000000000000000001D /* Frameworks */ = {
			isa = PBXGroup;
			children = (
			);
			name = Frameworks;
			sourceTree = "<group>";
		};
/* End PBXGroup section */

/* Begin PBXNativeTarget section */
		A10000000000000000000018 /* GoPiano */ = {
			isa = PBXNativeTarget;
			buildConfigurationList = A10000000000000000000022 /* Build configuration list for PBXNativeTarget "GoPiano" */;
			buildPhases = (
				A1000000000000000000001E /* Sources */,
				A10000000000000000000020 /* Frameworks */,
				A1000000000000000000001F /* Resources */,
			);
			buildRules = (
			);
			dependencies = (
			);
			name = GoPiano;
			packageProductDependencies = (
				A10000000000000000000029 /* AudioKit */,
				A1000000000000000000002A /* DunneAudioKit */,
			);
			productName = GoPiano;
			productReference = A10000000000000000000019 /* GoPiano.app */;
			productType = "com.apple.product-type.application";
		};
/* End PBXNativeTarget section */

/* Begin PBXProject section */
		A10000000000000000000017 /* Project object */ = {
			isa = PBXProject;
			attributes = {
				BuildIndependentTargetsInParallel = 1;
				LastSwiftUpdateCheck = 2600;
				LastUpgradeCheck = 2600;
				TargetAttributes = {
					A10000000000000000000018 = {
						CreatedOnToolsVersion = 26.0;
					};
				};
			};
			buildConfigurationList = A10000000000000000000021 /* Build configuration list for PBXProject "GoPiano" */;
			compatibilityVersion = "Xcode 14.0";
			developmentRegion = en;
			hasScannedForEncodings = 0;
			knownRegions = (
				en,
				Base,
			);
			mainGroup = A1000000000000000000001A;
			packageReferences = (
				A10000000000000000000027 /* XCRemoteSwiftPackageReference "AudioKit" */,
				A10000000000000000000028 /* XCRemoteSwiftPackageReference "DunneAudioKit" */,
			);
			productRefGroup = A1000000000000000000001C /* Products */;
			projectDirPath = "";
			projectRoot = "";
			targets = (
				A10000000000000000000018 /* GoPiano */,
			);
		};
/* End PBXProject section */

/* Begin PBXResourcesBuildPhase section */
		A1000000000000000000001F /* Resources */ = {
			isa = PBXResourcesBuildPhase;
			buildActionMask = 2147483647;
			files = (
				A10000000000000000000015 /* Assets.xcassets in Resources */,
				A10000000000000000000016 /* Samples in Resources */,
			);
			runOnlyForDeploymentPostprocessing = 0;
		};
/* End PBXResourcesBuildPhase section */

/* Begin PBXSourcesBuildPhase section */
		A1000000000000000000001E /* Sources */ = {
			isa = PBXSourcesBuildPhase;
			buildActionMask = 2147483647;
			files = (
				A1000000000000000000000A /* GoPianoApp.swift in Sources */,
				A1000000000000000000000B /* ContentView.swift in Sources */,
				A1000000000000000000000C /* KeyboardView.swift in Sources */,
				A1000000000000000000000D /* PianoLayout.swift in Sources */,
				A1000000000000000000000E /* TouchTracker.swift in Sources */,
				A1000000000000000000000F /* Conductor.swift in Sources */,
				A10000000000000000000010 /* SampleMap.swift in Sources */,
				A10000000000000000000011 /* RecordingStore.swift in Sources */,
				A10000000000000000000012 /* RecordingsView.swift in Sources */,
			);
			runOnlyForDeploymentPostprocessing = 0;
		};
/* End PBXSourcesBuildPhase section */

/* Begin XCBuildConfiguration section */
		A10000000000000000000023 /* Debug */ = {
			isa = XCBuildConfiguration;
			buildSettings = {
				ALWAYS_SEARCH_USER_PATHS = NO;
				ASSETCATALOG_COMPILER_GENERATE_SWIFT_ASSET_SYMBOL_EXTENSIONS = YES;
				CLANG_ANALYZER_NONNULL = YES;
				CLANG_ENABLE_MODULES = YES;
				CLANG_ENABLE_OBJC_ARC = YES;
				CLANG_WARN_BLOCK_CAPTURE_AUTORELEASING = YES;
				CLANG_WARN_BOOL_CONVERSION = YES;
				CLANG_WARN_DOCUMENTATION_COMMENTS = YES;
				CLANG_WARN_EMPTY_BODY = YES;
				CLANG_WARN_UNREACHABLE_CODE = YES;
				COPY_PHASE_STRIP = NO;
				ENABLE_STRICT_OBJC_MSGSEND = YES;
				ENABLE_USER_SCRIPT_SANDBOXING = YES;
				GCC_NO_COMMON_BLOCKS = YES;
				GCC_WARN_UNDECLARED_SELECTOR = YES;
				GCC_WARN_UNUSED_FUNCTION = YES;
				GCC_WARN_UNUSED_VARIABLE = YES;
				IPHONEOS_DEPLOYMENT_TARGET = 17.0;
				LOCALIZATION_PREFERS_STRING_CATALOGS = YES;
				MTL_FAST_MATH = YES;
				SDKROOT = iphoneos;
				SWIFT_EMIT_LOC_STRINGS = YES;
				DEBUG_INFORMATION_FORMAT = dwarf;
				ENABLE_TESTABILITY = YES;
				GCC_DYNAMIC_NO_PIC = NO;
				GCC_OPTIMIZATION_LEVEL = 0;
				GCC_PREPROCESSOR_DEFINITIONS = (
					"DEBUG=1",
					"$(inherited)",
				);
				MTL_ENABLE_DEBUG_INFO = INCLUDE_SOURCE;
				ONLY_ACTIVE_ARCH = YES;
				SWIFT_ACTIVE_COMPILATION_CONDITIONS = "DEBUG $(inherited)";
				SWIFT_OPTIMIZATION_LEVEL = "-Onone";
			};
			name = Debug;
		};
		A10000000000000000000024 /* Release */ = {
			isa = XCBuildConfiguration;
			buildSettings = {
				ALWAYS_SEARCH_USER_PATHS = NO;
				ASSETCATALOG_COMPILER_GENERATE_SWIFT_ASSET_SYMBOL_EXTENSIONS = YES;
				CLANG_ANALYZER_NONNULL = YES;
				CLANG_ENABLE_MODULES = YES;
				CLANG_ENABLE_OBJC_ARC = YES;
				CLANG_WARN_BLOCK_CAPTURE_AUTORELEASING = YES;
				CLANG_WARN_BOOL_CONVERSION = YES;
				CLANG_WARN_DOCUMENTATION_COMMENTS = YES;
				CLANG_WARN_EMPTY_BODY = YES;
				CLANG_WARN_UNREACHABLE_CODE = YES;
				COPY_PHASE_STRIP = NO;
				ENABLE_STRICT_OBJC_MSGSEND = YES;
				ENABLE_USER_SCRIPT_SANDBOXING = YES;
				GCC_NO_COMMON_BLOCKS = YES;
				GCC_WARN_UNDECLARED_SELECTOR = YES;
				GCC_WARN_UNUSED_FUNCTION = YES;
				GCC_WARN_UNUSED_VARIABLE = YES;
				IPHONEOS_DEPLOYMENT_TARGET = 17.0;
				LOCALIZATION_PREFERS_STRING_CATALOGS = YES;
				MTL_FAST_MATH = YES;
				SDKROOT = iphoneos;
				SWIFT_EMIT_LOC_STRINGS = YES;
				DEBUG_INFORMATION_FORMAT = "dwarf-with-dsym";
				ENABLE_NS_ASSERTIONS = NO;
				MTL_ENABLE_DEBUG_INFO = NO;
				SWIFT_COMPILATION_MODE = wholemodule;
				VALIDATE_PRODUCT = YES;
			};
			name = Release;
		};
		A10000000000000000000025 /* Debug */ = {
			isa = XCBuildConfiguration;
			buildSettings = {
				ASSETCATALOG_COMPILER_APPICON_NAME = AppIcon;
				CODE_SIGN_STYLE = Automatic;
				CURRENT_PROJECT_VERSION = 1;
				DEVELOPMENT_TEAM = MR77GZV3WJ;
				ENABLE_PREVIEWS = YES;
				GENERATE_INFOPLIST_FILE = YES;
				INFOPLIST_KEY_CFBundleDisplayName = GoPiano;
				INFOPLIST_KEY_LSSupportsOpeningDocumentsInPlace = YES;
				INFOPLIST_KEY_UIFileSharingEnabled = YES;
				INFOPLIST_KEY_UIApplicationSceneManifest_Generation = YES;
				INFOPLIST_KEY_UILaunchScreen_Generation = YES;
				INFOPLIST_KEY_UIRequiresFullScreen = YES;
				INFOPLIST_KEY_UIStatusBarHidden = YES;
				INFOPLIST_KEY_UISupportedInterfaceOrientations_iPad = "UIInterfaceOrientationLandscapeLeft UIInterfaceOrientationLandscapeRight";
				INFOPLIST_KEY_UISupportedInterfaceOrientations_iPhone = "UIInterfaceOrientationLandscapeLeft UIInterfaceOrientationLandscapeRight";
				LD_RUNPATH_SEARCH_PATHS = (
					"$(inherited)",
					"@executable_path/Frameworks",
				);
				MARKETING_VERSION = 2.0;
				PRODUCT_BUNDLE_IDENTIFIER = com.ecgriffin.MyPiano;
				PRODUCT_NAME = "$(TARGET_NAME)";
				SWIFT_VERSION = 5.0;
				TARGETED_DEVICE_FAMILY = "1,2";
			};
			name = Debug;
		};
		A10000000000000000000026 /* Release */ = {
			isa = XCBuildConfiguration;
			buildSettings = {
				ASSETCATALOG_COMPILER_APPICON_NAME = AppIcon;
				CODE_SIGN_STYLE = Automatic;
				CURRENT_PROJECT_VERSION = 1;
				DEVELOPMENT_TEAM = MR77GZV3WJ;
				ENABLE_PREVIEWS = YES;
				GENERATE_INFOPLIST_FILE = YES;
				INFOPLIST_KEY_CFBundleDisplayName = GoPiano;
				INFOPLIST_KEY_LSSupportsOpeningDocumentsInPlace = YES;
				INFOPLIST_KEY_UIFileSharingEnabled = YES;
				INFOPLIST_KEY_UIApplicationSceneManifest_Generation = YES;
				INFOPLIST_KEY_UILaunchScreen_Generation = YES;
				INFOPLIST_KEY_UIRequiresFullScreen = YES;
				INFOPLIST_KEY_UIStatusBarHidden = YES;
				INFOPLIST_KEY_UISupportedInterfaceOrientations_iPad = "UIInterfaceOrientationLandscapeLeft UIInterfaceOrientationLandscapeRight";
				INFOPLIST_KEY_UISupportedInterfaceOrientations_iPhone = "UIInterfaceOrientationLandscapeLeft UIInterfaceOrientationLandscapeRight";
				LD_RUNPATH_SEARCH_PATHS = (
					"$(inherited)",
					"@executable_path/Frameworks",
				);
				MARKETING_VERSION = 2.0;
				PRODUCT_BUNDLE_IDENTIFIER = com.ecgriffin.MyPiano;
				PRODUCT_NAME = "$(TARGET_NAME)";
				SWIFT_VERSION = 5.0;
				TARGETED_DEVICE_FAMILY = "1,2";
			};
			name = Release;
		};
/* End XCBuildConfiguration section */

/* Begin XCConfigurationList section */
		A10000000000000000000021 /* Build configuration list for PBXProject "GoPiano" */ = {
			isa = XCConfigurationList;
			buildConfigurations = (
				A10000000000000000000023 /* Debug */,
				A10000000000000000000024 /* Release */,
			);
			defaultConfigurationIsVisible = 0;
			defaultConfigurationName = Release;
		};
		A10000000000000000000022 /* Build configuration list for PBXNativeTarget "GoPiano" */ = {
			isa = XCConfigurationList;
			buildConfigurations = (
				A10000000000000000000025 /* Debug */,
				A10000000000000000000026 /* Release */,
			);
			defaultConfigurationIsVisible = 0;
			defaultConfigurationName = Release;
		};
/* End XCConfigurationList section */

/* Begin XCRemoteSwiftPackageReference section */
		A10000000000000000000027 /* XCRemoteSwiftPackageReference "AudioKit" */ = {
			isa = XCRemoteSwiftPackageReference;
			repositoryURL = "https://github.com/AudioKit/AudioKit";
			requirement = {
				kind = upToNextMajorVersion;
				minimumVersion = 5.7.0;
			};
		};
		A10000000000000000000028 /* XCRemoteSwiftPackageReference "DunneAudioKit" */ = {
			isa = XCRemoteSwiftPackageReference;
			repositoryURL = "https://github.com/AudioKit/DunneAudioKit";
			requirement = {
				kind = upToNextMajorVersion;
				minimumVersion = 5.6.0;
			};
		};
/* End XCRemoteSwiftPackageReference section */

/* Begin XCSwiftPackageProductDependency section */
		A10000000000000000000029 /* AudioKit */ = {
			isa = XCSwiftPackageProductDependency;
			package = A10000000000000000000027 /* XCRemoteSwiftPackageReference "AudioKit" */;
			productName = AudioKit;
		};
		A1000000000000000000002A /* DunneAudioKit */ = {
			isa = XCSwiftPackageProductDependency;
			package = A10000000000000000000028 /* XCRemoteSwiftPackageReference "DunneAudioKit" */;
			productName = DunneAudioKit;
		};
/* End XCSwiftPackageProductDependency section */

	};
	rootObject = A10000000000000000000017 /* Project object */;
}
